// !$*UTF8*$!
{
	archiveVersion = 1;
	classes = {
	};
	objectVersion = 50;
	objects = {

/* Begin PBXBuildFile section */
		C457A5A125D0211200E12FFA /* Category.m in Sources */ = {isa = PBXBuildFile; fileRef = C457A5A025D0211200E12FFA /* Category.m */; };
		C4713B8F25D00EFC00BD7124 /* Student.m in Sources */ = {isa = PBXBuildFile; fileRef = C4713B8E25D00EFC00BD7124 /* Student.m */; };
		C4FE04AC25C6C27900C97584 /* AppDelegate.m in Sources */ = {isa = PBXBuildFile; fileRef = C4FE04AB25C6C27900C97584 /* AppDelegate.m */; };
		C4FE04AF25C6C27900C97584 /* SceneDelegate.m in Sources */ = {isa = PBXBuildFile; fileRef = C4FE04AE25C6C27900C97584 /* SceneDelegate.m */; };
		C4FE04B225C6C27900C97584 /* ViewController.m in Sources */ = {isa = PBXBuildFile; fileRef = C4FE04B125C6C27900C97584 /* ViewController.m */; };
		C4FE04B525C6C27900C97584 /* Main.storyboard in Resources */ = {isa = PBXBuildFile; fileRef = C4FE04B325C6C27900C97584 /* Main.storyboard */; };
		C4FE04B725C6C27B00C97584 /* Assets.xcassets in Resources */ = {isa = PBXBuildFile; fileRef = C4FE04B625C6C27B00C97584 /* Assets.xcassets */; };
		C4FE04BA25C6C27B00C97584 /* LaunchScreen.storyboard in Resources */ = {isa = PBXBuildFile; fileRef = C4FE04B825C6C27B00C97584 /* LaunchScreen.storyboard */; };
		C4FE04BD25C6C27B00C97584 /* main.m in Sources */ = {isa = PBXBuildFile; fileRef = C4FE04BC25C6C27B00C97584 /* main.m */; };
/* End PBXBuildFile section */

/* Begin PBXFileReference section */
		C457A5A025D0211200E12FFA /* Category.m */ = {isa = PBXFileReference; lastKnownFileType = sourcecode.c.objc; path = Category.m; sourceTree = "<group>"; };
		C4713B8D25D00EFC00BD7124 /* Student.h */ = {isa = PBXFileReference; lastKnownFileType = sourcecode.c.h; path = Student.h; sourceTree = "<group>"; };
		C4713B8E25D00EFC00BD7124 /* Student.m */ = {isa = PBXFileReference; lastKnownFileType = sourcecode.c.objc; path = Student.m; sourceTree = "<group>"; };
		C4FE04A725C6C27900C97584 /* Obj_Lessons_Project.app */ = {isa = PBXFileReference; explicitFileType = wrapper.application; includeInIndex = 0; path = Obj_Lessons_Project.app; sourceTree = BUILT_PRODUCTS_DIR; };
		C4FE04AA25C6C27900C97584 /* AppDelegate.h */ = {isa = PBXFileReference; lastKnownFileType = sourcecode.c.h; path = AppDelegate.h; sourceTree = "<group>"; };
		C4FE04AB25C6C27900C97584 /* AppDelegate.m */ = {isa = PBXFileReference; lastKnownFileType = sourcecode.c.objc; path = AppDelegate.m; sourceTree = "<group>"; };
		C4FE04AD25C6C27900C97584 /* SceneDelegate.h */ = {isa = PBXFileReference; lastKnownFileType = sourcecode.c.h; path = SceneDelegate.h; sourceTree = "<group>"; };
		C4FE04AE25C6C27900C97584 /* SceneDelegate.m */ = {isa = PBXFileReference; lastKnownFileType = sourcecode.c.objc; path = SceneDelegate.m; sourceTree = "<group>"; };
		C4FE04B025C6C27900C97584 /* ViewController.h */ = {isa = PBXFileReference; lastKnownFileType = sourcecode.c.h; path = ViewController.h; sourceTree = "<group>"; };
		C4FE04B125C6C27900C97584 /* ViewController.m */ = {isa = PBXFileReference; lastKnownFileType = sourcecode.c.objc; path = ViewController.m; sourceTree = "<group>"; };
		C4FE04B425C6C27900C97584 /* Base */ = {isa = PBXFileReference; lastKnownFileType = file.storyboard; name = Base; path = Base.lproj/Main.storyboard; sourceTree = "<group>"; };
		C4FE04B625C6C27B00C97584 /* Assets.xcassets */ = {isa = PBXFileReference; lastKnownFileType = folder.assetcatalog; path = Assets.xcassets; sourceTree = "<group>"; };
		C4FE04B925C6C27B00C97584 /* Base */ = {isa = PBXFileReference; lastKnownFileType = file.storyboard; name = Base; path = Base.lproj/LaunchScreen.storyboard; sourceTree = "<group>"; };
		C4FE04BB25C6C27B00C97584 /* Info.plist */ = {isa = PBXFileReference; lastKnownFileType = text.plist.xml; path = Info.plist; sourceTree = "<group>"; };
		C4FE04BC25C6C27B00C97584 /* main.m */ = {isa = PBXFileReference; lastKnownFileType = sourcecode.c.objc; path = main.m; sourceTree = "<group>"; };
/* End PBXFileReference section */

/* Begin PBXFrameworksBuildPhase section */
		C4FE04A425C6C27900C97584 /* Frameworks */ = {
			isa = PBXFrameworksBuildPhase;
			buildActionMask = 2147483647;
			files = (
			);
			runOnlyForDeploymentPostprocessing = 0;
		};
/* End PBXFrameworksBuildPhase section */

/* Begin PBXGroup section */
		C4FE049E25C6C27900C97584 = {
			isa = PBXGroup;
			children = (
				C4FE04A925C6C27900C97584 /* Obj_Lessons_Project */,
				C4FE04A825C6C27900C97584 /* Products */,
			);
			sourceTree = "<group>";
		};
		C4FE04A825C6C27900C97584 /* Products */ = {
			isa = PBXGroup;
			children = (
				C4FE04A725C6C27900C97584 /* Obj_Lessons_Project.app */,
			);
			name = Products;
			sourceTree = "<group>";
		};
		C4FE04A925C6C27900C97584 /* Obj_Lessons_Project */ = {
			isa = PBXGroup;
			children = (
				C4FE04AA25C6C27900C97584 /* AppDelegate.h */,
				C4FE04AB25C6C27900C97584 /* AppDelegate.m */,
				C4FE04AD25C6C27900C97584 /* SceneDelegate.h */,
				C4FE04AE25C6C27900C97584 /* SceneDelegate.m */,
				C4FE04B025C6C27900C97584 /* ViewController.h */,
				C4FE04B125C6C27900C97584 /* ViewController.m */,
				C457A5A025D0211200E12FFA /* Category.m */,
				C4713B8D25D00EFC00BD7124 /* Student.h */,
				C4713B8E25D00EFC00BD7124 /* Student.m */,
				C4FE04B325C6C27900C97584 /* Main.storyboard */,
				C4FE04B625C6C27B00C97584 /* Assets.xcassets */,
				C4FE04B825C6C27B00C97584 /* LaunchScreen.storyboard */,
				C4FE04BB25C6C27B00C97584 /* Info.plist */,
				C4FE04BC25C6C27B00C97584 /* main.m */,
			);
			path = Obj_Lessons_Project;
			sourceTree = "<group>";
		};
/* End PBXGroup section */

/* Begin PBXNativeTarget section */
		C4FE04A625C6C27900C97584 /* Obj_Lessons_Project */ = {
			isa = PBXNativeTarget;
			buildConfigurationList = C4FE04C025C6C27B00C97584 /* Build configuration list for PBXNativeTarget "Obj_Lessons_Project" */;
			buildPhases = (
				C4FE04A325C6C27900C97584 /* Sources */,
				C4FE04A425C6C27900C97584 /* Frameworks */,
				C4FE04A525C6C27900C97584 /* Resources */,
			);
			buildRules = (
			);
			dependencies = (
			);
			name = Obj_Lessons_Project;
			productName = Obj_Lessons_Project;
			productReference = C4FE04A725C6C27900C97584 /* Obj_Lessons_Project.app */;
			productType = "com.apple.product-type.application";
		};
/* End PBXNativeTarget section */

/* Begin PBXProject section */
		C4FE049F25C6C27900C97584 /* Project object */ = {
			isa = PBXProject;
			attributes = {
				LastUpgradeCheck = 1240;
				TargetAttributes = {
					C4FE04A625C6C27900C97584 = {
						CreatedOnToolsVersion = 12.4;
					};
				};
			};
			buildConfigurationList = C4FE04A225C6C27900C97584 /* Build configuration list for PBXProject "Obj_Lessons_Project" */;
			compatibilityVersion = "Xcode 9.3";
			developmentRegion = en;
			hasScannedForEncodings = 0;
			knownRegions = (
				en,
				Base,
			);
			mainGroup = C4FE049E25C6C27900C97584;
			productRefGroup = C4FE04A825C6C27900C97584 /* Products */;
			projectDirPath = "";
			projectRoot = "";
			targets = (
				C4FE04A625C6C27900C97584 /* Obj_Lessons_Project */,
			);
		};
/* End PBXProject section */

/* Begin PBXResourcesBuildPhase section */
		C4FE04A525C6C27900C97584 /* Resources */ = {
			isa = PBXResourcesBuildPhase;
			buildActionMask = 2147483647;
			files = (
				C4FE04BA25C6C27B00C97584 /* LaunchScreen.storyboard in Resources */,
				C4FE04B725C6C27B00C97584 /* Assets.xcassets in Resources */,
				C4FE04B525C6C27900C97584 /* Main.storyboard in Resources */,
			);
			runOnlyForDeploymentPostprocessing = 0;
		};
/* End PBXResourcesBuildPhase section */

/* Begin PBXSourcesBuildPhase section */
		C4FE04A325C6C27900C97584 /* Sources */ = {
			isa = PBXSourcesBuildPhase;
			buildActionMask = 2147483647;
			files = (
				C4FE04B225C6C27900C97584 /* ViewController.m in Sources */,
				C457A5A125D0211200E12FFA /* Category.m in Sources */,
				C4FE04AC25C6C27900C97584 /* AppDelegate.m in Sources */,
				C4713B8F25D00EFC00BD7124 /* Student.m in Sources */,
				C4FE04BD25C6C27B00C97584 /* main.m in Sources */,
				C4FE04AF25C6C27900C97584 /* SceneDelegate.m in Sources */,
			);
			runOnlyForDeploymentPostprocessing = 0;
		};
/* End PBXSourcesBuildPhase section */

/* Begin PBXVariantGroup section */
		C4FE04B325C6C27900C97584 /* Main.storyboard */ = {
			isa = PBXVariantGroup;
			children = (
				C4FE04B425C6C27900C97584 /* Base */,
			);
			name = Main.storyboard;
			sourceTree = "<group>";
		};
		C4FE04B825C6C27B00C97584 /* LaunchScreen.storyboard */ = {
			isa = PBXVariantGroup;
			children = (
				C4FE04B925C6C27B00C97584 /* Base */,
			);
			name = LaunchScreen.storyboard;
			sourceTree = "<group>";
		};
/* End PBXVariantGroup section */

/* Begin XCBuildConfiguration section */
		C4FE04BE25C6C27B00C97584 /* Debug */ = {
			isa = XCBuildConfiguration;
			buildSettings = {
				ALWAYS_SEARCH_USER_PATHS = NO;
				CLANG_ANALYZER_NONNULL = YES;
				CLANG_ANALYZER_NUMBER_OBJECT_CONVERSION = YES_AGGRESSIVE;
				CLANG_CXX_LANGUAGE_STANDARD = "gnu++14";
				CLANG_CXX_LIBRARY = "libc++";
				CLANG_ENABLE_MODULES = YES;
				CLANG_ENABLE_OBJC_ARC = YES;
				CLANG_ENABLE_OBJC_WEAK = YES;
				CLANG_WARN_BLOCK_CAPTURE_AUTORELEASING = YES;
				CLANG_WARN_BOOL_CONVERSION = YES;
				CLANG_WARN_COMMA = YES;
				CLANG_WARN_CONSTANT_CONVERSION = YES;
				CLANG_WARN_DEPRECATED_OBJC_IMPLEMENTATIONS = YES;
				CLANG_WARN_DIRECT_OBJC_ISA_USAGE = YES_ERROR;
				CLANG_WARN_DOCUMENTATION_COMMENTS = YES;
				CLANG_WARN_EMPTY_BODY = YES;
				CLANG_WARN_ENUM_CONVERSION = YES;
				CLANG_WARN_INFINITE_RECURSION = YES;
				CLANG_WARN_INT_CONVERSION = YES;
				CLANG_WARN_NON_LITERAL_NULL_CONVERSION = YES;
				CLANG_WARN_OBJC_IMPLICIT_RETAIN_SELF = YES;
				CLANG_WARN_OBJC_LITERAL_CONVERSION = YES;
				CLANG_WARN_OBJC_ROOT_CLASS = YES_ERROR;
				CLANG_WARN_QUOTED_INCLUDE_IN_FRAMEWORK_HEADER = YES;
				CLANG_WARN_RANGE_LOOP_ANALYSIS = YES;
				CLANG_WARN_STRICT_PROTOTYPES = YES;
				CLANG_WARN_SUSPICIOUS_MOVE = YES;
				CLANG_WARN_UNGUARDED_AVAILABILITY = YES_AGGRESSIVE;
				CLANG_WARN_UNREACHABLE_CODE = YES;
				CLANG_WARN__DUPLICATE_METHOD_MATCH = YES;
				COPY_PHASE_STRIP = NO;
				DEBUG_INFORMATION_FORMAT = dwarf;
				ENABLE_STRICT_OBJC_MSGSEND = YES;
				ENABLE_TESTABILITY = YES;
				GCC_C_LANGUAGE_STANDARD = gnu11;
				GCC_DYNAMIC_NO_PIC = NO;
				GCC_NO_COMMON_BLOCKS = YES;
				GCC_OPTIMIZATION_LEVEL = 0;
				GCC_PREPROCESSOR_DEFINITIONS = (
					"DEBUG=1",
					"$(inherited)",
				);
				GCC_WARN_64_TO_32_BIT_CONVERSION = YES;
				GCC_WARN_ABOUT_RETURN_TYPE = YES_ERROR;
				GCC_WARN_UNDECLARED_SELECTOR = YES;
				GCC_WARN_UNINITIALIZED_AUTOS = YES_AGGRESSIVE;
				GCC_WARN_UNUSED_FUNCTION = YES;
				GCC_WARN_UNUSED_VARIABLE = YES;
				IPHONEOS_DEPLOYMENT_TARGET = 14.4;
				MTL_ENABLE_DEBUG_INFO = INCLUDE_SOURCE;
				MTL_FAST_MATH = YES;
				ONLY_ACTIVE_ARCH = YES;
				SDKROOT = iphoneos;
			};
			name = Debug;
		};
		C4FE04BF25C6C27B00C97584 /* Release */ = {
			isa = XCBuildConfiguration;
			buildSettings = {
				ALWAYS_SEARCH_USER_PATHS = NO;
				CLANG_ANALYZER_NONNULL = YES;
				CLANG_ANALYZER_NUMBER_OBJECT_CONVERSION = YES_AGGRESSIVE;
				CLANG_CXX_LANGUAGE_STANDARD = "gnu++14";
				CLANG_CXX_LIBRARY = "libc++";
				CLANG_ENABLE_MODULES = YES;
				CLANG_ENABLE_OBJC_ARC = YES;
				CLANG_ENABLE_OBJC_WEAK = YES;
				CLANG_WARN_BLOCK_CAPTURE_AUTORELEASING = YES;
				CLANG_WARN_BOOL_CONVERSION = YES;
				CLANG_WARN_COMMA = YES;
				CLANG_WARN_CONSTANT_CONVERSION = YES;
				CLANG_WARN_DEPRECATED_OBJC_IMPLEMENTATIONS = YES;
				CLANG_WARN_DIRECT_OBJC_ISA_USAGE = YES_ERROR;
				CLANG_WARN_DOCUMENTATION_COMMENTS = YES;
				CLANG_WARN_EMPTY_BODY = YES;
				CLANG_WARN_ENUM_CONVERSION = YES;
				CLANG_WARN_INFINITE_RECURSION = YES;
				CLANG_WARN_INT_CONVERSION = YES;
				CLANG_WARN_NON_LITERAL_NULL_CONVERSION = YES;
				CLANG_WARN_OBJC_IMPLICIT_RETAIN_SELF = YES;
				CLANG_WARN_OBJC_LITERAL_CONVERSION = YES;
				CLANG_WARN_OBJC_ROOT_CLASS = YES_ERROR;
				CLANG_WARN_QUOTED_INCLUDE_IN_FRAMEWORK_HEADER = YES;
				CLANG_WARN_RANGE_LOOP_ANALYSIS = YES;
				CLANG_WARN_STRICT_PROTOTYPES = YES;
				CLANG_WARN_SUSPICIOUS_MOVE = YES;
				CLANG_WARN_UNGUARDED_AVAILABILITY = YES_AGGRESSIVE;
				CLANG_WARN_UNREACHABLE_CODE = YES;
				CLANG_WARN__DUPLICATE_METHOD_MATCH = YES;
				COPY_PHASE_STRIP = NO;
				DEBUG_INFORMATION_FORMAT = "dwarf-with-dsym";
				ENABLE_NS_ASSERTIONS = NO;
				ENABLE_STRICT_OBJC_MSGSEND = YES;
				GCC_C_LANGUAGE_STANDARD = gnu11;
				GCC_NO_COMMON_BLOCKS = YES;
				GCC_WARN_64_TO_32_BIT_CONVERSION = YES;
				GCC_WARN_ABOUT_RETURN_TYPE = YES_ERROR;
				GCC_WARN_UNDECLARED_SELECTOR = YES;
				GCC_WARN_UNINITIALIZED_AUTOS = YES_AGGRESSIVE;
				GCC_WARN_UNUSED_FUNCTION = YES;
				GCC_WARN_UNUSED_VARIABLE = YES;
				IPHONEOS_DEPLOYMENT_TARGET = 14.4;
				MTL_ENABLE_DEBUG_INFO = NO;
				MTL_FAST_MATH = YES;
				SDKROOT = iphoneos;
				VALIDATE_PRODUCT = YES;
			};
			name = Release;
		};
		C4FE04C125C6C27B00C97584 /* Debug */ = {
			isa = XCBuildConfiguration;
			buildSettings = {
				ASSETCATALOG_COMPILER_APPICON_NAME = AppIcon;
				ASSETCATALOG_COMPILER_GLOBAL_ACCENT_COLOR_NAME = AccentColor;
				CODE_SIGN_STYLE = Automatic;
				INFOPLIST_FILE = Obj_Lessons_Project/Info.plist;
				LD_RUNPATH_SEARCH_PATHS = (
					"$(inherited)",
					"@executable_path/Frameworks",
				);
				PRODUCT_BUNDLE_IDENTIFIER = "my.Obj-Lessons-Project";
				PRODUCT_NAME = "$(TARGET_NAME)";
				TARGETED_DEVICE_FAMILY = "1,2";
			};
			name = Debug;
		};
		C4FE04C225C6C27B00C97584 /* Release */ = {
			isa = XCBuildConfiguration;
			buildSettings = {
				ASSETCATALOG_COMPILER_APPICON_NAME = AppIcon;
				ASSETCATALOG_COMPILER_GLOBAL_ACCENT_COLOR_NAME = AccentColor;
				CODE_SIGN_STYLE = Automatic;
				INFOPLIST_FILE = Obj_Lessons_Project/Info.plist;
				LD_RUNPATH_SEARCH_PATHS = (
					"$(inherited)",
					"@executable_path/Frameworks",
				);
				PRODUCT_BUNDLE_IDENTIFIER = "my.Obj-Lessons-Project";
				PRODUCT_NAME = "$(TARGET_NAME)";
				TARGETED_DEVICE_FAMILY = "1,2";
			};
			name = Release;
		};
/* End XCBuildConfiguration section */

/* Begin XCConfigurationList section */
		C4FE04A225C6C27900C97584 /* Build configuration list for PBXProject "Obj_Lessons_Project" */ = {
			isa = XCConfigurationList;
			buildConfigurations = (
				C4FE04BE25C6C27B00C97584 /* Debug */,
				C4FE04BF25C6C27B00C97584 /* Release */,
			);
			defaultConfigurationIsVisible = 0;
			defaultConfigurationName = Release;
		};
		C4FE04C025C6C27B00C97584 /* Build configuration list for PBXNativeTarget "Obj_Lessons_Project" */ = {
			isa = XCConfigurationList;
			buildConfigurations = (
				C4FE04C125C6C27B00C97584 /* Debug */,
				C4FE04C225C6C27B00C97584 /* Release */,
			);
			defaultConfigurationIsVisible = 0;
			defaultConfigurationName = Release;
		};
/* End XCConfigurationList section */
	};
	rootObject = C4FE049F25C6C27900C97584 /* Project object */;
}
